
Microsoft Visual Studio Solution File, Format Version 12.00
# Visual Studio Version 17
VisualStudioVersion = 17.2.32602.215
MinimumVisualStudioVersion = 10.0.40219.1
Project("{FAE04EC0-301F-11D3-BF4B-00C04F79EFBC}") = "IDS325 -Indice-Académico-Proyecto", "IDS325 -Indice-Académico-Proyecto\IDS325 -Indice-Académico-Proyecto.csproj", "{CC85E922-EDAC-4DDC-877B-B6129E6379ED}"
EndProject
Global
	GlobalSection(SolutionConfigurationPlatforms) = preSolution
		Debug|Any CPU = Debug|Any CPU
		Release|Any CPU = Release|Any CPU
	EndGlobalSection
	GlobalSection(ProjectConfigurationPlatforms) = postSolution
		{CC85E922-EDAC-4DDC-877B-B6129E6379ED}.Debug|Any CPU.ActiveCfg = Debug|Any CPU
		{CC85E922-EDAC-4DDC-877B-B6129E6379ED}.Debug|Any CPU.Build.0 = Debug|Any CPU
		{CC85E922-EDAC-4DDC-877B-B6129E6379ED}.Release|Any CPU.ActiveCfg = Release|Any CPU
		{CC85E922-EDAC-4DDC-877B-B6129E6379ED}.Release|Any CPU.Build.0 = Release|Any CPU
	EndGlobalSection
	GlobalSection(SolutionProperties) = preSolution
		HideSolutionNode = FALSE
	EndGlobalSection
	GlobalSection(ExtensibilityGlobals) = postSolution
		SolutionGuid = {2B492465-91A7-456B-A30F-E46EF07D8930}
	EndGlobalSection
EndGlobal
